Microsoft Visual Studio Solution File, Format Version 12.00
# Visual Studio 15
VisualStudioVersion = 15.0.27130.2024
MinimumVisualStudioVersion = 10.0.40219.1
Project("{9A19103F-16F7-4668-BE54-9A1E7A4F7556}") = "JuvoPlayer", "JuvoPlayer\JuvoPlayer\JuvoPlayer.csproj", "{EBB6F3F3-6F9F-4075-AC21-FFF75B1A450D}"
EndProject
Project("{9A19103F-16F7-4668-BE54-9A1E7A4F7556}") = "RTSP", "thirdparty\RTSP\RTSP.csproj", "{1AC958D3-6FDF-4D80-8155-1A4F17C2C008}"
EndProject
Project("{9A19103F-16F7-4668-BE54-9A1E7A4F7556}") = "SMPlayerCS", "thirdparty\SMPlayerCS\SMPlayerCS.csproj", "{14FB2C4E-7CD5-4B92-84A7-26BEF2D18EE8}"
EndProject
Project("{9A19103F-16F7-4668-BE54-9A1E7A4F7556}") = "JuvoPlayer.TizenTests", "JuvoPlayer.TizenTests\JuvoPlayer.TizenTests.csproj", "{38617D04-C61E-4707-8497-2EAF96521525}"
EndProject
Project("{9A19103F-16F7-4668-BE54-9A1E7A4F7556}") = "NUIPlayer", "NUIPlayer\NUIPlayer\NUIPlayer.csproj", "{4D7CF89D-65FA-4FEE-94CA-8E68AC7D8A77}"
EndProject
Project("{9A19103F-16F7-4668-BE54-9A1E7A4F7556}") = "JuvoPlayer.Common", "JuvoPlayer.Common\JuvoPlayer.Common.csproj", "{2031849B-4F72-4D3A-B970-DA72C720C6E6}"
EndProject
Project("{9A19103F-16F7-4668-BE54-9A1E7A4F7556}") = "XamarinPlayer", "XamarinPlayer\XamarinPlayer\XamarinPlayer.csproj", "{36BC28B7-C4F2-4227-93A4-F521E95D967D}"
EndProject
Project("{9A19103F-16F7-4668-BE54-9A1E7A4F7556}") = "XamarinPlayer.Tizen.TV", "XamarinPlayer\XamarinPlayer.Tizen.TV\XamarinPlayer.Tizen.TV.csproj", "{9388FB85-93F0-4FD5-A787-E702AA1581A3}"
EndProject
Project("{9A19103F-16F7-4668-BE54-9A1E7A4F7556}") = "JuvoPlayer.Tests", "JuvoPlayer.Tests\JuvoPlayer.Tests.csproj", "{7BC5F16C-3B51-4B72-A044-D7FD48227EE8}"
EndProject
Global
	GlobalSection(SolutionConfigurationPlatforms) = preSolution
		Debug|Any CPU = Debug|Any CPU
		Debug|x64 = Debug|x64
		Debug|x86 = Debug|x86
		Release|Any CPU = Release|Any CPU
		Release|x64 = Release|x64
		Release|x86 = Release|x86
	EndGlobalSection
	GlobalSection(ProjectConfigurationPlatforms) = postSolution
		{EBB6F3F3-6F9F-4075-AC21-FFF75B1A450D}.Debug|Any CPU.ActiveCfg = Debug|Any CPU
		{EBB6F3F3-6F9F-4075-AC21-FFF75B1A450D}.Debug|Any CPU.Build.0 = Debug|Any CPU
		{EBB6F3F3-6F9F-4075-AC21-FFF75B1A450D}.Debug|x64.ActiveCfg = Debug|Any CPU
		{EBB6F3F3-6F9F-4075-AC21-FFF75B1A450D}.Debug|x64.Build.0 = Debug|Any CPU
		{EBB6F3F3-6F9F-4075-AC21-FFF75B1A450D}.Debug|x86.ActiveCfg = Debug|Any CPU
		{EBB6F3F3-6F9F-4075-AC21-FFF75B1A450D}.Debug|x86.Build.0 = Debug|Any CPU
		{EBB6F3F3-6F9F-4075-AC21-FFF75B1A450D}.Release|Any CPU.ActiveCfg = Release|Any CPU
		{EBB6F3F3-6F9F-4075-AC21-FFF75B1A450D}.Release|Any CPU.Build.0 = Release|Any CPU
		{EBB6F3F3-6F9F-4075-AC21-FFF75B1A450D}.Release|x64.ActiveCfg = Release|Any CPU
		{EBB6F3F3-6F9F-4075-AC21-FFF75B1A450D}.Release|x64.Build.0 = Release|Any CPU
		{EBB6F3F3-6F9F-4075-AC21-FFF75B1A450D}.Release|x86.ActiveCfg = Release|Any CPU
		{EBB6F3F3-6F9F-4075-AC21-FFF75B1A450D}.Release|x86.Build.0 = Release|Any CPU
		{1AC958D3-6FDF-4D80-8155-1A4F17C2C008}.Debug|Any CPU.ActiveCfg = Debug|Any CPU
		{1AC958D3-6FDF-4D80-8155-1A4F17C2C008}.Debug|Any CPU.Build.0 = Debug|Any CPU
		{1AC958D3-6FDF-4D80-8155-1A4F17C2C008}.Debug|x64.ActiveCfg = Debug|Any CPU
		{1AC958D3-6FDF-4D80-8155-1A4F17C2C008}.Debug|x64.Build.0 = Debug|Any CPU
		{1AC958D3-6FDF-4D80-8155-1A4F17C2C008}.Debug|x86.ActiveCfg = Debug|Any CPU
		{1AC958D3-6FDF-4D80-8155-1A4F17C2C008}.Debug|x86.Build.0 = Debug|Any CPU
		{1AC958D3-6FDF-4D80-8155-1A4F17C2C008}.Release|Any CPU.ActiveCfg = Release|Any CPU
		{1AC958D3-6FDF-4D80-8155-1A4F17C2C008}.Release|Any CPU.Build.0 = Release|Any CPU
		{1AC958D3-6FDF-4D80-8155-1A4F17C2C008}.Release|x64.ActiveCfg = Release|Any CPU
		{1AC958D3-6FDF-4D80-8155-1A4F17C2C008}.Release|x64.Build.0 = Release|Any CPU
		{1AC958D3-6FDF-4D80-8155-1A4F17C2C008}.Release|x86.ActiveCfg = Release|Any CPU
		{1AC958D3-6FDF-4D80-8155-1A4F17C2C008}.Release|x86.Build.0 = Release|Any CPU
		{14FB2C4E-7CD5-4B92-84A7-26BEF2D18EE8}.Debug|Any CPU.ActiveCfg = Debug|Any CPU
		{14FB2C4E-7CD5-4B92-84A7-26BEF2D18EE8}.Debug|Any CPU.Build.0 = Debug|Any CPU
		{14FB2C4E-7CD5-4B92-84A7-26BEF2D18EE8}.Debug|x64.ActiveCfg = Debug|Any CPU
		{14FB2C4E-7CD5-4B92-84A7-26BEF2D18EE8}.Debug|x64.Build.0 = Debug|Any CPU
		{14FB2C4E-7CD5-4B92-84A7-26BEF2D18EE8}.Debug|x86.ActiveCfg = Debug|Any CPU
		{14FB2C4E-7CD5-4B92-84A7-26BEF2D18EE8}.Debug|x86.Build.0 = Debug|Any CPU
		{14FB2C4E-7CD5-4B92-84A7-26BEF2D18EE8}.Release|Any CPU.ActiveCfg = Release|Any CPU
		{14FB2C4E-7CD5-4B92-84A7-26BEF2D18EE8}.Release|Any CPU.Build.0 = Release|Any CPU
		{14FB2C4E-7CD5-4B92-84A7-26BEF2D18EE8}.Release|x64.ActiveCfg = Release|Any CPU
		{14FB2C4E-7CD5-4B92-84A7-26BEF2D18EE8}.Release|x64.Build.0 = Release|Any CPU
		{14FB2C4E-7CD5-4B92-84A7-26BEF2D18EE8}.Release|x86.ActiveCfg = Release|Any CPU
		{14FB2C4E-7CD5-4B92-84A7-26BEF2D18EE8}.Release|x86.Build.0 = Release|Any CPU
		{38617D04-C61E-4707-8497-2EAF96521525}.Debug|Any CPU.ActiveCfg = Debug|Any CPU
		{38617D04-C61E-4707-8497-2EAF96521525}.Debug|Any CPU.Build.0 = Debug|Any CPU
		{38617D04-C61E-4707-8497-2EAF96521525}.Debug|x64.ActiveCfg = Debug|Any CPU
		{38617D04-C61E-4707-8497-2EAF96521525}.Debug|x64.Build.0 = Debug|Any CPU
		{38617D04-C61E-4707-8497-2EAF96521525}.Debug|x86.ActiveCfg = Debug|Any CPU
		{38617D04-C61E-4707-8497-2EAF96521525}.Debug|x86.Build.0 = Debug|Any CPU
		{38617D04-C61E-4707-8497-2EAF96521525}.Release|Any CPU.ActiveCfg = Release|Any CPU
		{38617D04-C61E-4707-8497-2EAF96521525}.Release|Any CPU.Build.0 = Release|Any CPU
		{38617D04-C61E-4707-8497-2EAF96521525}.Release|x64.ActiveCfg = Release|Any CPU
		{38617D04-C61E-4707-8497-2EAF96521525}.Release|x64.Build.0 = Release|Any CPU
		{38617D04-C61E-4707-8497-2EAF96521525}.Release|x86.ActiveCfg = Release|Any CPU
		{38617D04-C61E-4707-8497-2EAF96521525}.Release|x86.Build.0 = Release|Any CPU
		{4D7CF89D-65FA-4FEE-94CA-8E68AC7D8A77}.Debug|Any CPU.ActiveCfg = Debug|Any CPU
		{4D7CF89D-65FA-4FEE-94CA-8E68AC7D8A77}.Debug|Any CPU.Build.0 = Debug|Any CPU
		{4D7CF89D-65FA-4FEE-94CA-8E68AC7D8A77}.Debug|x64.ActiveCfg = Debug|Any CPU
		{4D7CF89D-65FA-4FEE-94CA-8E68AC7D8A77}.Debug|x64.Build.0 = Debug|Any CPU
		{4D7CF89D-65FA-4FEE-94CA-8E68AC7D8A77}.Debug|x86.ActiveCfg = Debug|Any CPU
		{4D7CF89D-65FA-4FEE-94CA-8E68AC7D8A77}.Debug|x86.Build.0 = Debug|Any CPU
		{4D7CF89D-65FA-4FEE-94CA-8E68AC7D8A77}.Release|Any CPU.ActiveCfg = Release|Any CPU
		{4D7CF89D-65FA-4FEE-94CA-8E68AC7D8A77}.Release|Any CPU.Build.0 = Release|Any CPU
		{4D7CF89D-65FA-4FEE-94CA-8E68AC7D8A77}.Release|x64.ActiveCfg = Release|Any CPU
		{4D7CF89D-65FA-4FEE-94CA-8E68AC7D8A77}.Release|x64.Build.0 = Release|Any CPU
		{4D7CF89D-65FA-4FEE-94CA-8E68AC7D8A77}.Release|x86.ActiveCfg = Release|Any CPU
		{4D7CF89D-65FA-4FEE-94CA-8E68AC7D8A77}.Release|x86.Build.0 = Release|Any CPU
		{2031849B-4F72-4D3A-B970-DA72C720C6E6}.Debug|Any CPU.ActiveCfg = Debug|Any CPU
		{2031849B-4F72-4D3A-B970-DA72C720C6E6}.Debug|Any CPU.Build.0 = Debug|Any CPU
		{2031849B-4F72-4D3A-B970-DA72C720C6E6}.Debug|x64.ActiveCfg = Debug|Any CPU
		{2031849B-4F72-4D3A-B970-DA72C720C6E6}.Debug|x64.Build.0 = Debug|Any CPU
		{2031849B-4F72-4D3A-B970-DA72C720C6E6}.Debug|x86.ActiveCfg = Debug|Any CPU
		{2031849B-4F72-4D3A-B970-DA72C720C6E6}.Debug|x86.Build.0 = Debug|Any CPU
		{2031849B-4F72-4D3A-B970-DA72C720C6E6}.Release|Any CPU.ActiveCfg = Release|Any CPU
		{2031849B-4F72-4D3A-B970-DA72C720C6E6}.Release|Any CPU.Build.0 = Release|Any CPU
		{2031849B-4F72-4D3A-B970-DA72C720C6E6}.Release|x64.ActiveCfg = Release|Any CPU
		{2031849B-4F72-4D3A-B970-DA72C720C6E6}.Release|x64.Build.0 = Release|Any CPU
		{2031849B-4F72-4D3A-B970-DA72C720C6E6}.Release|x86.ActiveCfg = Release|Any CPU
		{2031849B-4F72-4D3A-B970-DA72C720C6E6}.Release|x86.Build.0 = Release|Any CPU
		{36BC28B7-C4F2-4227-93A4-F521E95D967D}.Debug|Any CPU.ActiveCfg = Debug|Any CPU
		{36BC28B7-C4F2-4227-93A4-F521E95D967D}.Debug|Any CPU.Build.0 = Debug|Any CPU
		{36BC28B7-C4F2-4227-93A4-F521E95D967D}.Debug|x64.ActiveCfg = Debug|Any CPU
		{36BC28B7-C4F2-4227-93A4-F521E95D967D}.Debug|x64.Build.0 = Debug|Any CPU
		{36BC28B7-C4F2-4227-93A4-F521E95D967D}.Debug|x86.ActiveCfg = Debug|Any CPU
		{36BC28B7-C4F2-4227-93A4-F521E95D967D}.Debug|x86.Build.0 = Debug|Any CPU
		{36BC28B7-C4F2-4227-93A4-F521E95D967D}.Release|Any CPU.ActiveCfg = Release|Any CPU
		{36BC28B7-C4F2-4227-93A4-F521E95D967D}.Release|Any CPU.Build.0 = Release|Any CPU
		{36BC28B7-C4F2-4227-93A4-F521E95D967D}.Release|x64.ActiveCfg = Release|Any CPU
		{36BC28B7-C4F2-4227-93A4-F521E95D967D}.Release|x64.Build.0 = Release|Any CPU
		{36BC28B7-C4F2-4227-93A4-F521E95D967D}.Release|x86.ActiveCfg = Release|Any CPU
		{36BC28B7-C4F2-4227-93A4-F521E95D967D}.Release|x86.Build.0 = Release|Any CPU
		{9388FB85-93F0-4FD5-A787-E702AA1581A3}.Debug|Any CPU.ActiveCfg = Debug|Any CPU
		{9388FB85-93F0-4FD5-A787-E702AA1581A3}.Debug|Any CPU.Build.0 = Debug|Any CPU
		{9388FB85-93F0-4FD5-A787-E702AA1581A3}.Debug|x64.ActiveCfg = Debug|Any CPU
		{9388FB85-93F0-4FD5-A787-E702AA1581A3}.Debug|x64.Build.0 = Debug|Any CPU
		{9388FB85-93F0-4FD5-A787-E702AA1581A3}.Debug|x86.ActiveCfg = Debug|Any CPU
		{9388FB85-93F0-4FD5-A787-E702AA1581A3}.Debug|x86.Build.0 = Debug|Any CPU
		{9388FB85-93F0-4FD5-A787-E702AA1581A3}.Release|Any CPU.ActiveCfg = Release|Any CPU
		{9388FB85-93F0-4FD5-A787-E702AA1581A3}.Release|Any CPU.Build.0 = Release|Any CPU
		{9388FB85-93F0-4FD5-A787-E702AA1581A3}.Release|x64.ActiveCfg = Release|Any CPU
		{9388FB85-93F0-4FD5-A787-E702AA1581A3}.Release|x64.Build.0 = Release|Any CPU
		{9388FB85-93F0-4FD5-A787-E702AA1581A3}.Release|x86.ActiveCfg = Release|Any CPU
		{9388FB85-93F0-4FD5-A787-E702AA1581A3}.Release|x86.Build.0 = Release|Any CPU
		{7BC5F16C-3B51-4B72-A044-D7FD48227EE8}.Debug|Any CPU.ActiveCfg = Debug|Any CPU
		{7BC5F16C-3B51-4B72-A044-D7FD48227EE8}.Debug|Any CPU.Build.0 = Debug|Any CPU
		{7BC5F16C-3B51-4B72-A044-D7FD48227EE8}.Debug|x64.ActiveCfg = Debug|Any CPU
		{7BC5F16C-3B51-4B72-A044-D7FD48227EE8}.Debug|x64.Build.0 = Debug|Any CPU
		{7BC5F16C-3B51-4B72-A044-D7FD48227EE8}.Debug|x86.ActiveCfg = Debug|Any CPU
		{7BC5F16C-3B51-4B72-A044-D7FD48227EE8}.Debug|x86.Build.0 = Debug|Any CPU
		{7BC5F16C-3B51-4B72-A044-D7FD48227EE8}.Release|Any CPU.ActiveCfg = Release|Any CPU
		{7BC5F16C-3B51-4B72-A044-D7FD48227EE8}.Release|Any CPU.Build.0 = Release|Any CPU
		{7BC5F16C-3B51-4B72-A044-D7FD48227EE8}.Release|x64.ActiveCfg = Release|Any CPU
		{7BC5F16C-3B51-4B72-A044-D7FD48227EE8}.Release|x64.Build.0 = Release|Any CPU
		{7BC5F16C-3B51-4B72-A044-D7FD48227EE8}.Release|x86.ActiveCfg = Release|Any CPU
		{7BC5F16C-3B51-4B72-A044-D7FD48227EE8}.Release|x86.Build.0 = Release|Any CPU
	EndGlobalSection
	GlobalSection(SolutionProperties) = preSolution
		HideSolutionNode = FALSE
	EndGlobalSection
	GlobalSection(ExtensibilityGlobals) = postSolution
		SolutionGuid = {C6228722-8C96-431F-A11F-C2423B0BCAA8}
	EndGlobalSection
EndGlobal
