
Microsoft Visual Studio Solution File, Format Version 12.00
# Visual Studio 15
VisualStudioVersion = 15.0.28307.705
MinimumVisualStudioVersion = 10.0.40219.1
Project("{9A19103F-16F7-4668-BE54-9A1E7A4F7556}") = "JuvoReactNative", "JuvoReactNative.csproj", "{6721713D-3FEF-4764-B949-0D739ED2BAA4}"
EndProject
Project("{9A19103F-16F7-4668-BE54-9A1E7A4F7556}") = "JuvoPlayer", "..\..\..\..\..\bitbucket\juvo-player\JuvoPlayer\JuvoPlayer.csproj", "{B1D2071B-6E3A-46A2-A2CC-B7EC15830AA4}"
EndProject
Project("{9A19103F-16F7-4668-BE54-9A1E7A4F7556}") = "JuvoLogger.Tizen", "..\..\..\..\..\bitbucket\juvo-player\JuvoLogger.Tizen\JuvoLogger.Tizen.csproj", "{6F243F79-4AA0-4B81-8748-BE1EA43A74F9}"
EndProject
Global
	GlobalSection(SolutionConfigurationPlatforms) = preSolution
		Debug|Any CPU = Debug|Any CPU
		Release|Any CPU = Release|Any CPU
	EndGlobalSection
	GlobalSection(ProjectConfigurationPlatforms) = postSolution
		{6721713D-3FEF-4764-B949-0D739ED2BAA4}.Debug|Any CPU.ActiveCfg = Debug|Any CPU
		{6721713D-3FEF-4764-B949-0D739ED2BAA4}.Debug|Any CPU.Build.0 = Debug|Any CPU
		{6721713D-3FEF-4764-B949-0D739ED2BAA4}.Release|Any CPU.ActiveCfg = Release|Any CPU
		{6721713D-3FEF-4764-B949-0D739ED2BAA4}.Release|Any CPU.Build.0 = Release|Any CPU
		{B1D2071B-6E3A-46A2-A2CC-B7EC15830AA4}.Debug|Any CPU.ActiveCfg = Debug|Any CPU
		{B1D2071B-6E3A-46A2-A2CC-B7EC15830AA4}.Debug|Any CPU.Build.0 = Debug|Any CPU
		{B1D2071B-6E3A-46A2-A2CC-B7EC15830AA4}.Release|Any CPU.ActiveCfg = Release|Any CPU
		{B1D2071B-6E3A-46A2-A2CC-B7EC15830AA4}.Release|Any CPU.Build.0 = Release|Any CPU
		{6F243F79-4AA0-4B81-8748-BE1EA43A74F9}.Debug|Any CPU.ActiveCfg = Debug|Any CPU
		{6F243F79-4AA0-4B81-8748-BE1EA43A74F9}.Debug|Any CPU.Build.0 = Debug|Any CPU
		{6F243F79-4AA0-4B81-8748-BE1EA43A74F9}.Release|Any CPU.ActiveCfg = Release|Any CPU
		{6F243F79-4AA0-4B81-8748-BE1EA43A74F9}.Release|Any CPU.Build.0 = Release|Any CPU
	EndGlobalSection
	GlobalSection(SolutionProperties) = preSolution
		HideSolutionNode = FALSE
	EndGlobalSection
	GlobalSection(ExtensibilityGlobals) = postSolution
		SolutionGuid = {EDF14246-B0F5-464B-B3BC-7EB8FE5AE9E8}
	EndGlobalSection
EndGlobal
